// !$*UTF8*$!
{
	archiveVersion = 1;
	classes = {
	};
	objectVersion = 50;
	objects = {

/* Begin PBXBuildFile section */
		959F9711214B95E500B52D2F /* AppDelegate.m in Sources */ = {isa = PBXBuildFile; fileRef = 959F9710214B95E500B52D2F /* AppDelegate.m */; };
		959F9714214B95E500B52D2F /* ViewController.m in Sources */ = {isa = PBXBuildFile; fileRef = 959F9713214B95E500B52D2F /* ViewController.m */; };
		959F9717214B95E500B52D2F /* Main.storyboard in Resources */ = {isa = PBXBuildFile; fileRef = 959F9715214B95E500B52D2F /* Main.storyboard */; };
		959F9719214B95ED00B52D2F /* Assets.xcassets in Resources */ = {isa = PBXBuildFile; fileRef = 959F9718214B95ED00B52D2F /* Assets.xcassets */; };
		959F971C214B95ED00B52D2F /* LaunchScreen.storyboard in Resources */ = {isa = PBXBuildFile; fileRef = 959F971A214B95ED00B52D2F /* LaunchScreen.storyboard */; };
		959F971F214B95ED00B52D2F /* main.m in Sources */ = {isa = PBXBuildFile; fileRef = 959F971E214B95ED00B52D2F /* main.m */; };
		959F972A214B973300B52D2F /* KeyBoardManager.m in Sources */ = {isa = PBXBuildFile; fileRef = 959F9729214B973300B52D2F /* KeyBoardManager.m */; };
		959F972D214B982300B52D2F /* KeyBoardResponder.m in Sources */ = {isa = PBXBuildFile; fileRef = 959F972C214B982300B52D2F /* KeyBoardResponder.m */; };
		959F9730214B986A00B52D2F /* KeyBoardSender.m in Sources */ = {isa = PBXBuildFile; fileRef = 959F972F214B986A00B52D2F /* KeyBoardSender.m */; };
		959F9733214BA55200B52D2F /* MyTableViewCell.m in Sources */ = {isa = PBXBuildFile; fileRef = 959F9732214BA55200B52D2F /* MyTableViewCell.m */; };
		959F9736214BA59200B52D2F /* MyViewController.m in Sources */ = {isa = PBXBuildFile; fileRef = 959F9735214BA59200B52D2F /* MyViewController.m */; };
		959F9739214BB4B200B52D2F /* MyTableViewController.m in Sources */ = {isa = PBXBuildFile; fileRef = 959F9738214BB4B200B52D2F /* MyTableViewController.m */; };
/* End PBXBuildFile section */

/* Begin PBXFileReference section */
		959F970C214B95E500B52D2F /* KeyBoardManager.app */ = {isa = PBXFileReference; explicitFileType = wrapper.application; includeInIndex = 0; path = KeyBoardManager.app; sourceTree = BUILT_PRODUCTS_DIR; };
		959F970F214B95E500B52D2F /* AppDelegate.h */ = {isa = PBXFileReference; lastKnownFileType = sourcecode.c.h; path = AppDelegate.h; sourceTree = "<group>"; };
		959F9710214B95E500B52D2F /* AppDelegate.m */ = {isa = PBXFileReference; lastKnownFileType = sourcecode.c.objc; path = AppDelegate.m; sourceTree = "<group>"; };
		959F9712214B95E500B52D2F /* ViewController.h */ = {isa = PBXFileReference; lastKnownFileType = sourcecode.c.h; path = ViewController.h; sourceTree = "<group>"; };
		959F9713214B95E500B52D2F /* ViewController.m */ = {isa = PBXFileReference; lastKnownFileType = sourcecode.c.objc; path = ViewController.m; sourceTree = "<group>"; };
		959F9716214B95E500B52D2F /* Base */ = {isa = PBXFileReference; lastKnownFileType = file.storyboard; name = Base; path = Base.lproj/Main.storyboard; sourceTree = "<group>"; };
		959F9718214B95ED00B52D2F /* Assets.xcassets */ = {isa = PBXFileReference; lastKnownFileType = folder.assetcatalog; path = Assets.xcassets; sourceTree = "<group>"; };
		959F971B214B95ED00B52D2F /* Base */ = {isa = PBXFileReference; lastKnownFileType = file.storyboard; name = Base; path = Base.lproj/LaunchScreen.storyboard; sourceTree = "<group>"; };
		959F971D214B95ED00B52D2F /* Info.plist */ = {isa = PBXFileReference; lastKnownFileType = text.plist.xml; path = Info.plist; sourceTree = "<group>"; };
		959F971E214B95ED00B52D2F /* main.m */ = {isa = PBXFileReference; lastKnownFileType = sourcecode.c.objc; path = main.m; sourceTree = "<group>"; };
		959F9728214B973300B52D2F /* KeyBoardManager.h */ = {isa = PBXFileReference; lastKnownFileType = sourcecode.c.h; path = KeyBoardManager.h; sourceTree = "<group>"; };
		959F9729214B973300B52D2F /* KeyBoardManager.m */ = {isa = PBXFileReference; lastKnownFileType = sourcecode.c.objc; path = KeyBoardManager.m; sourceTree = "<group>"; };
		959F972B214B982300B52D2F /* KeyBoardResponder.h */ = {isa = PBXFileReference; lastKnownFileType = sourcecode.c.h; path = KeyBoardResponder.h; sourceTree = "<group>"; };
		959F972C214B982300B52D2F /* KeyBoardResponder.m */ = {isa = PBXFileReference; lastKnownFileType = sourcecode.c.objc; path = KeyBoardResponder.m; sourceTree = "<group>"; };
		959F972E214B986A00B52D2F /* KeyBoardSender.h */ = {isa = PBXFileReference; lastKnownFileType = sourcecode.c.h; path = KeyBoardSender.h; sourceTree = "<group>"; };
		959F972F214B986A00B52D2F /* KeyBoardSender.m */ = {isa = PBXFileReference; lastKnownFileType = sourcecode.c.objc; path = KeyBoardSender.m; sourceTree = "<group>"; };
		959F9731214BA55200B52D2F /* MyTableViewCell.h */ = {isa = PBXFileReference; lastKnownFileType = sourcecode.c.h; path = MyTableViewCell.h; sourceTree = "<group>"; };
		959F9732214BA55200B52D2F /* MyTableViewCell.m */ = {isa = PBXFileReference; lastKnownFileType = sourcecode.c.objc; path = MyTableViewCell.m; sourceTree = "<group>"; };
		959F9734214BA59200B52D2F /* MyViewController.h */ = {isa = PBXFileReference; lastKnownFileType = sourcecode.c.h; path = MyViewController.h; sourceTree = "<group>"; };
		959F9735214BA59200B52D2F /* MyViewController.m */ = {isa = PBXFileReference; lastKnownFileType = sourcecode.c.objc; path = MyViewController.m; sourceTree = "<group>"; };
		959F9737214BB4B200B52D2F /* MyTableViewController.h */ = {isa = PBXFileReference; lastKnownFileType = sourcecode.c.h; path = MyTableViewController.h; sourceTree = "<group>"; };
		959F9738214BB4B200B52D2F /* MyTableViewController.m */ = {isa = PBXFileReference; lastKnownFileType = sourcecode.c.objc; path = MyTableViewController.m; sourceTree = "<group>"; };
/* End PBXFileReference section */

/* Begin PBXFrameworksBuildPhase section */
		959F9709214B95E500B52D2F /* Frameworks */ = {
			isa = PBXFrameworksBuildPhase;
			buildActionMask = 2147483647;
			files = (
			);
			runOnlyForDeploymentPostprocessing = 0;
		};
/* End PBXFrameworksBuildPhase section */

/* Begin PBXGroup section */
		959F9703214B95E500B52D2F = {
			isa = PBXGroup;
			children = (
				959F970E214B95E500B52D2F /* KeyBoardManager */,
				959F970D214B95E500B52D2F /* Products */,
			);
			sourceTree = "<group>";
		};
		959F970D214B95E500B52D2F /* Products */ = {
			isa = PBXGroup;
			children = (
				959F970C214B95E500B52D2F /* KeyBoardManager.app */,
			);
			name = Products;
			sourceTree = "<group>";
		};
		959F970E214B95E500B52D2F /* KeyBoardManager */ = {
			isa = PBXGroup;
			children = (
				959F970F214B95E500B52D2F /* AppDelegate.h */,
				959F9710214B95E500B52D2F /* AppDelegate.m */,
				959F9712214B95E500B52D2F /* ViewController.h */,
				959F9713214B95E500B52D2F /* ViewController.m */,
				959F9731214BA55200B52D2F /* MyTableViewCell.h */,
				959F9732214BA55200B52D2F /* MyTableViewCell.m */,
				959F9726214B971500B52D2F /* CommonTableView */,
				959F9727214B971500B52D2F /* TableViewController */,
				959F9725214B971500B52D2F /* KeyBoardManager */,
				959F9715214B95E500B52D2F /* Main.storyboard */,
				959F9718214B95ED00B52D2F /* Assets.xcassets */,
				959F971A214B95ED00B52D2F /* LaunchScreen.storyboard */,
				959F971D214B95ED00B52D2F /* Info.plist */,
				959F971E214B95ED00B52D2F /* main.m */,
			);
			path = KeyBoardManager;
			sourceTree = "<group>";
		};
		959F9725214B971500B52D2F /* KeyBoardManager */ = {
			isa = PBXGroup;
			children = (
				959F9728214B973300B52D2F /* KeyBoardManager.h */,
				959F9729214B973300B52D2F /* KeyBoardManager.m */,
				959F972B214B982300B52D2F /* KeyBoardResponder.h */,
				959F972C214B982300B52D2F /* KeyBoardResponder.m */,
				959F972E214B986A00B52D2F /* KeyBoardSender.h */,
				959F972F214B986A00B52D2F /* KeyBoardSender.m */,
			);
			path = KeyBoardManager;
			sourceTree = "<group>";
		};
		959F9726214B971500B52D2F /* CommonTableView */ = {
			isa = PBXGroup;
			children = (
				959F9734214BA59200B52D2F /* MyViewController.h */,
				959F9735214BA59200B52D2F /* MyViewController.m */,
			);
			path = CommonTableView;
			sourceTree = "<group>";
		};
		959F9727214B971500B52D2F /* TableViewController */ = {
			isa = PBXGroup;
			children = (
				959F9737214BB4B200B52D2F /* MyTableViewController.h */,
				959F9738214BB4B200B52D2F /* MyTableViewController.m */,
			);
			path = TableViewController;
			sourceTree = "<group>";
		};
/* End PBXGroup section */

/* Begin PBXNativeTarget section */
		959F970B214B95E500B52D2F /* KeyBoardManager */ = {
			isa = PBXNativeTarget;
			buildConfigurationList = 959F9722214B95ED00B52D2F /* Build configuration list for PBXNativeTarget "KeyBoardManager" */;
			buildPhases = (
				959F9708214B95E500B52D2F /* Sources */,
				959F9709214B95E500B52D2F /* Frameworks */,
				959F970A214B95E500B52D2F /* Resources */,
			);
			buildRules = (
			);
			dependencies = (
			);
			name = KeyBoardManager;
			productName = KeyBoardManager;
			productReference = 959F970C214B95E500B52D2F /* KeyBoardManager.app */;
			productType = "com.apple.product-type.application";
		};
/* End PBXNativeTarget section */

/* Begin PBXProject section */
		959F9704214B95E500B52D2F /* Project object */ = {
			isa = PBXProject;
			attributes = {
				LastUpgradeCheck = 0940;
				ORGANIZATIONNAME = "惠上科技";
				TargetAttributes = {
					959F970B214B95E500B52D2F = {
						CreatedOnToolsVersion = 9.4.1;
					};
				};
			};
			buildConfigurationList = 959F9707214B95E500B52D2F /* Build configuration list for PBXProject "KeyBoardManager" */;
			compatibilityVersion = "Xcode 9.3";
			developmentRegion = en;
			hasScannedForEncodings = 0;
			knownRegions = (
				en,
				Base,
			);
			mainGroup = 959F9703214B95E500B52D2F;
			productRefGroup = 959F970D214B95E500B52D2F /* Products */;
			projectDirPath = "";
			projectRoot = "";
			targets = (
				959F970B214B95E500B52D2F /* KeyBoardManager */,
			);
		};
/* End PBXProject section */

/* Begin PBXResourcesBuildPhase section */
		959F970A214B95E500B52D2F /* Resources */ = {
			isa = PBXResourcesBuildPhase;
			buildActionMask = 2147483647;
			files = (
				959F971C214B95ED00B52D2F /* LaunchScreen.storyboard in Resources */,
				959F9719214B95ED00B52D2F /* Assets.xcassets in Resources */,
				959F9717214B95E500B52D2F /* Main.storyboard in Resources */,
			);
			runOnlyForDeploymentPostprocessing = 0;
		};
/* End PBXResourcesBuildPhase section */

/* Begin PBXSourcesBuildPhase section */
		959F9708214B95E500B52D2F /* Sources */ = {
			isa = PBXSourcesBuildPhase;
			buildActionMask = 2147483647;
			files = (
				959F972A214B973300B52D2F /* KeyBoardManager.m in Sources */,
				959F9733214BA55200B52D2F /* MyTableViewCell.m in Sources */,
				959F9736214BA59200B52D2F /* MyViewController.m in Sources */,
				959F9730214B986A00B52D2F /* KeyBoardSender.m in Sources */,
				959F9714214B95E500B52D2F /* ViewController.m in Sources */,
				959F972D214B982300B52D2F /* KeyBoardResponder.m in Sources */,
				959F9739214BB4B200B52D2F /* MyTableViewController.m in Sources */,
				959F971F214B95ED00B52D2F /* main.m in Sources */,
				959F9711214B95E500B52D2F /* AppDelegate.m in Sources */,
			);
			runOnlyForDeploymentPostprocessing = 0;
		};
/* End PBXSourcesBuildPhase section */

/* Begin PBXVariantGroup section */
		959F9715214B95E500B52D2F /* Main.storyboard */ = {
			isa = PBXVariantGroup;
			children = (
				959F9716214B95E500B52D2F /* Base */,
			);
			name = Main.storyboard;
			sourceTree = "<group>";
		};
		959F971A214B95ED00B52D2F /* LaunchScreen.storyboard */ = {
			isa = PBXVariantGroup;
			children = (
				959F971B214B95ED00B52D2F /* Base */,
			);
			name = LaunchScreen.storyboard;
			sourceTree = "<group>";
		};
/* End PBXVariantGroup section */

/* Begin XCBuildConfiguration section */
		959F9720214B95ED00B52D2F /* Debug */ = {
			isa = XCBuildConfiguration;
			buildSettings = {
				ALWAYS_SEARCH_USER_PATHS = NO;
				CLANG_ANALYZER_NONNULL = YES;
				CLANG_ANALYZER_NUMBER_OBJECT_CONVERSION = YES_AGGRESSIVE;
				CLANG_CXX_LANGUAGE_STANDARD = "gnu++14";
				CLANG_CXX_LIBRARY = "libc++";
				CLANG_ENABLE_MODULES = YES;
				CLANG_ENABLE_OBJC_ARC = YES;
				CLANG_ENABLE_OBJC_WEAK = YES;
				CLANG_WARN_BLOCK_CAPTURE_AUTORELEASING = YES;
				CLANG_WARN_BOOL_CONVERSION = YES;
				CLANG_WARN_COMMA = YES;
				CLANG_WARN_CONSTANT_CONVERSION = YES;
				CLANG_WARN_DEPRECATED_OBJC_IMPLEMENTATIONS = YES;
				CLANG_WARN_DIRECT_OBJC_ISA_USAGE = YES_ERROR;
				CLANG_WARN_DOCUMENTATION_COMMENTS = YES;
				CLANG_WARN_EMPTY_BODY = YES;
				CLANG_WARN_ENUM_CONVERSION = YES;
				CLANG_WARN_INFINITE_RECURSION = YES;
				CLANG_WARN_INT_CONVERSION = YES;
				CLANG_WARN_NON_LITERAL_NULL_CONVERSION = YES;
				CLANG_WARN_OBJC_IMPLICIT_RETAIN_SELF = YES;
				CLANG_WARN_OBJC_LITERAL_CONVERSION = YES;
				CLANG_WARN_OBJC_ROOT_CLASS = YES_ERROR;
				CLANG_WARN_RANGE_LOOP_ANALYSIS = YES;
				CLANG_WARN_STRICT_PROTOTYPES = YES;
				CLANG_WARN_SUSPICIOUS_MOVE = YES;
				CLANG_WARN_UNGUARDED_AVAILABILITY = YES_AGGRESSIVE;
				CLANG_WARN_UNREACHABLE_CODE = YES;
				CLANG_WARN__DUPLICATE_METHOD_MATCH = YES;
				CODE_SIGN_IDENTITY = "iPhone Developer";
				COPY_PHASE_STRIP = NO;
				DEBUG_INFORMATION_FORMAT = dwarf;
				ENABLE_STRICT_OBJC_MSGSEND = YES;
				ENABLE_TESTABILITY = YES;
				GCC_C_LANGUAGE_STANDARD = gnu11;
				GCC_DYNAMIC_NO_PIC = NO;
				GCC_NO_COMMON_BLOCKS = YES;
				GCC_OPTIMIZATION_LEVEL = 0;
				GCC_PREPROCESSOR_DEFINITIONS = (
					"DEBUG=1",
					"$(inherited)",
				);
				GCC_WARN_64_TO_32_BIT_CONVERSION = YES;
				GCC_WARN_ABOUT_RETURN_TYPE = YES_ERROR;
				GCC_WARN_UNDECLARED_SELECTOR = YES;
				GCC_WARN_UNINITIALIZED_AUTOS = YES_AGGRESSIVE;
				GCC_WARN_UNUSED_FUNCTION = YES;
				GCC_WARN_UNUSED_VARIABLE = YES;
				IPHONEOS_DEPLOYMENT_TARGET = 11.4;
				MTL_ENABLE_DEBUG_INFO = YES;
				ONLY_ACTIVE_ARCH = YES;
				SDKROOT = iphoneos;
			};
			name = Debug;
		};
		959F9721214B95ED00B52D2F /* Release */ = {
			isa = XCBuildConfiguration;
			buildSettings = {
				ALWAYS_SEARCH_USER_PATHS = NO;
				CLANG_ANALYZER_NONNULL = YES;
				CLANG_ANALYZER_NUMBER_OBJECT_CONVERSION = YES_AGGRESSIVE;
				CLANG_CXX_LANGUAGE_STANDARD = "gnu++14";
				CLANG_CXX_LIBRARY = "libc++";
				CLANG_ENABLE_MODULES = YES;
				CLANG_ENABLE_OBJC_ARC = YES;
				CLANG_ENABLE_OBJC_WEAK = YES;
				CLANG_WARN_BLOCK_CAPTURE_AUTORELEASING = YES;
				CLANG_WARN_BOOL_CONVERSION = YES;
				CLANG_WARN_COMMA = YES;
				CLANG_WARN_CONSTANT_CONVERSION = YES;
				CLANG_WARN_DEPRECATED_OBJC_IMPLEMENTATIONS = YES;
				CLANG_WARN_DIRECT_OBJC_ISA_USAGE = YES_ERROR;
				CLANG_WARN_DOCUMENTATION_COMMENTS = YES;
				CLANG_WARN_EMPTY_BODY = YES;
				CLANG_WARN_ENUM_CONVERSION = YES;
				CLANG_WARN_INFINITE_RECURSION = YES;
				CLANG_WARN_INT_CONVERSION = YES;
				CLANG_WARN_NON_LITERAL_NULL_CONVERSION = YES;
				CLANG_WARN_OBJC_IMPLICIT_RETAIN_SELF = YES;
				CLANG_WARN_OBJC_LITERAL_CONVERSION = YES;
				CLANG_WARN_OBJC_ROOT_CLASS = YES_ERROR;
				CLANG_WARN_RANGE_LOOP_ANALYSIS = YES;
				CLANG_WARN_STRICT_PROTOTYPES = YES;
				CLANG_WARN_SUSPICIOUS_MOVE = YES;
				CLANG_WARN_UNGUARDED_AVAILABILITY = YES_AGGRESSIVE;
				CLANG_WARN_UNREACHABLE_CODE = YES;
				CLANG_WARN__DUPLICATE_METHOD_MATCH = YES;
				CODE_SIGN_IDENTITY = "iPhone Developer";
				COPY_PHASE_STRIP = NO;
				DEBUG_INFORMATION_FORMAT = "dwarf-with-dsym";
				ENABLE_NS_ASSERTIONS = NO;
				ENABLE_STRICT_OBJC_MSGSEND = YES;
				GCC_C_LANGUAGE_STANDARD = gnu11;
				GCC_NO_COMMON_BLOCKS = YES;
				GCC_WARN_64_TO_32_BIT_CONVERSION = YES;
				GCC_WARN_ABOUT_RETURN_TYPE = YES_ERROR;
				GCC_WARN_UNDECLARED_SELECTOR = YES;
				GCC_WARN_UNINITIALIZED_AUTOS = YES_AGGRESSIVE;
				GCC_WARN_UNUSED_FUNCTION = YES;
				GCC_WARN_UNUSED_VARIABLE = YES;
				IPHONEOS_DEPLOYMENT_TARGET = 11.4;
				MTL_ENABLE_DEBUG_INFO = NO;
				SDKROOT = iphoneos;
				VALIDATE_PRODUCT = YES;
			};
			name = Release;
		};
		959F9723214B95ED00B52D2F /* Debug */ = {
			isa = XCBuildConfiguration;
			buildSettings = {
				ASSETCATALOG_COMPILER_APPICON_NAME = AppIcon;
				CODE_SIGN_STYLE = Automatic;
				DEVELOPMENT_TEAM = G6T64B2XPF;
				INFOPLIST_FILE = KeyBoardManager/Info.plist;
				LD_RUNPATH_SEARCH_PATHS = (
					"$(inherited)",
					"@executable_path/Frameworks",
				);
				PRODUCT_BUNDLE_IDENTIFIER = HuiShangKeJi.KeyBoardManager;
				PRODUCT_NAME = "$(TARGET_NAME)";
				TARGETED_DEVICE_FAMILY = "1,2";
			};
			name = Debug;
		};
		959F9724214B95ED00B52D2F /* Release */ = {
			isa = XCBuildConfiguration;
			buildSettings = {
				ASSETCATALOG_COMPILER_APPICON_NAME = AppIcon;
				CODE_SIGN_STYLE = Automatic;
				DEVELOPMENT_TEAM = G6T64B2XPF;
				INFOPLIST_FILE = KeyBoardManager/Info.plist;
				LD_RUNPATH_SEARCH_PATHS = (
					"$(inherited)",
					"@executable_path/Frameworks",
				);
				PRODUCT_BUNDLE_IDENTIFIER = HuiShangKeJi.KeyBoardManager;
				PRODUCT_NAME = "$(TARGET_NAME)";
				TARGETED_DEVICE_FAMILY = "1,2";
			};
			name = Release;
		};
/* End XCBuildConfiguration section */

/* Begin XCConfigurationList section */
		959F9707214B95E500B52D2F /* Build configuration list for PBXProject "KeyBoardManager" */ = {
			isa = XCConfigurationList;
			buildConfigurations = (
				959F9720214B95ED00B52D2F /* Debug */,
				959F9721214B95ED00B52D2F /* Release */,
			);
			defaultConfigurationIsVisible = 0;
			defaultConfigurationName = Release;
		};
		959F9722214B95ED00B52D2F /* Build configuration list for PBXNativeTarget "KeyBoardManager" */ = {
			isa = XCConfigurationList;
			buildConfigurations = (
				959F9723214B95ED00B52D2F /* Debug */,
				959F9724214B95ED00B52D2F /* Release */,
			);
			defaultConfigurationIsVisible = 0;
			defaultConfigurationName = Release;
		};
/* End XCConfigurationList section */
	};
	rootObject = 959F9704214B95E500B52D2F /* Project object */;
}
